# THIS IS AN AUTOGENERATED FILE. DO NOT EDIT THIS FILE DIRECTLY.
# yarn lockfile v1


"@mantine/modals@^9.4.1":
  version "9.4.1"
  resolved "https://registry.yarnpkg.com/@mantine/modals/-/modals-9.4.1.tgz#c53224324b0dddc5b1c65bae86eb7def3ababef2"
  integrity sha512-z5G3Biz7/5Ybz5Z8u5Xyvo9UBmFhAX/YXMf6U96ejvtAB11xVnCo8m37R5DJyzeFEqB4D1tvUgWiVVPBb+yadw==
